
Microsoft Visual Studio Solution File, Format Version 12.00
# Visual Studio Version 16
VisualStudioVersion = 16.0.32929.386
MinimumVisualStudioVersion = 10.0.40219.1
Project("{D2ABAB84-BF74-430A-B69E-9DC6D40DDA17}") = "BikeStoresDWAnalisisServices", "BikeStoresDWAnalisisServices.dwproj", "{932A11E3-B9A7-49AB-9DF7-AECE49366545}"
EndProject
Global
	GlobalSection(SolutionConfigurationPlatforms) = preSolution
		Development|Default = Development|Default
	EndGlobalSection
	GlobalSection(ProjectConfigurationPlatforms) = postSolution
		{932A11E3-B9A7-49AB-9DF7-AECE49366545}.Development|Default.ActiveCfg = Development
		{932A11E3-B9A7-49AB-9DF7-AECE49366545}.Development|Default.Build.0 = Development
		{932A11E3-B9A7-49AB-9DF7-AECE49366545}.Development|Default.Deploy.0 = Development
	EndGlobalSection
	GlobalSection(SolutionProperties) = preSolution
		HideSolutionNode = FALSE
	EndGlobalSection
	GlobalSection(ExtensibilityGlobals) = postSolution
		SolutionGuid = {0A98D895-6D7C-4161-9BD9-EA36FCFF4DD3}
	EndGlobalSection
EndGlobal
